// !$*UTF8*$!
{
	archiveVersion = 1;
	classes = {
	};
	objectVersion = 51;
	objects = {

/* Begin PBXBuildFile section */
		0512904E25F51F8D00681273 /* StartCell.swift in Sources */ = {isa = PBXBuildFile; fileRef = 0512904D25F51F8D00681273 /* StartCell.swift */; };
		0512905725F5510400681273 /* HomeViewController.swift in Sources */ = {isa = PBXBuildFile; fileRef = 0512905625F5510400681273 /* HomeViewController.swift */; };
		0536358B25FA655F00DBF135 /* GoogleService-Info.plist in Resources */ = {isa = PBXBuildFile; fileRef = 0536358A25FA655F00DBF135 /* GoogleService-Info.plist */; };
		0536358F25FA776200DBF135 /* UITableView+Extinsion.swift in Sources */ = {isa = PBXBuildFile; fileRef = 0536358E25FA776200DBF135 /* UITableView+Extinsion.swift */; };
		0536359225FA785400DBF135 /* UICollectionView+Extinsion.swift in Sources */ = {isa = PBXBuildFile; fileRef = 0536359125FA785400DBF135 /* UICollectionView+Extinsion.swift */; };
		0536359825FA9DC400DBF135 /* RecomndedSpacesCollectionViewCell.swift in Sources */ = {isa = PBXBuildFile; fileRef = 0536359625FA9DC400DBF135 /* RecomndedSpacesCollectionViewCell.swift */; };
		0536359925FA9DC400DBF135 /* RecomndedSpacesCollectionViewCell.xib in Resources */ = {isa = PBXBuildFile; fileRef = 0536359725FA9DC400DBF135 /* RecomndedSpacesCollectionViewCell.xib */; };
		0536359D25FAA6DB00DBF135 /* HomeAppViewController.swift in Sources */ = {isa = PBXBuildFile; fileRef = 0536359C25FAA6DB00DBF135 /* HomeAppViewController.swift */; };
		053635B325FB808B00DBF135 /* PopularSpacesTableViewCell.swift in Sources */ = {isa = PBXBuildFile; fileRef = 053635B125FB808B00DBF135 /* PopularSpacesTableViewCell.swift */; };
		053635B425FB808B00DBF135 /* PopularSpacesTableViewCell.xib in Resources */ = {isa = PBXBuildFile; fileRef = 053635B225FB808B00DBF135 /* PopularSpacesTableViewCell.xib */; };
		053635CA25FBA68900DBF135 /* Space.swift in Sources */ = {isa = PBXBuildFile; fileRef = 053635C925FBA68900DBF135 /* Space.swift */; };
		053635CD25FBAD4600DBF135 /* ProfilePageViewController.swift in Sources */ = {isa = PBXBuildFile; fileRef = 053635CC25FBAD4600DBF135 /* ProfilePageViewController.swift */; };
		057597EC25F57DDF0029E2B3 /* LoginFormViewController.swift in Sources */ = {isa = PBXBuildFile; fileRef = 057597EB25F57DDF0029E2B3 /* LoginFormViewController.swift */; };
		057597EF25F580ED0029E2B3 /* RegisterFormViewController.swift in Sources */ = {isa = PBXBuildFile; fileRef = 057597EE25F580ED0029E2B3 /* RegisterFormViewController.swift */; };
		057597F225F583390029E2B3 /* VerifyPhoneViewController.swift in Sources */ = {isa = PBXBuildFile; fileRef = 057597F125F583390029E2B3 /* VerifyPhoneViewController.swift */; };
		057597F525F5846C0029E2B3 /* RestorePasswordViewController.swift in Sources */ = {isa = PBXBuildFile; fileRef = 057597F425F5846C0029E2B3 /* RestorePasswordViewController.swift */; };
		05A2EEB125F4EDEB008BEE2F /* AppDelegate.swift in Sources */ = {isa = PBXBuildFile; fileRef = 05A2EEB025F4EDEB008BEE2F /* AppDelegate.swift */; };
		05A2EEB325F4EDEB008BEE2F /* SceneDelegate.swift in Sources */ = {isa = PBXBuildFile; fileRef = 05A2EEB225F4EDEB008BEE2F /* SceneDelegate.swift */; };
		05A2EEB525F4EDEB008BEE2F /* OnBoardingViewController.swift in Sources */ = {isa = PBXBuildFile; fileRef = 05A2EEB425F4EDEB008BEE2F /* OnBoardingViewController.swift */; };
		05A2EEB825F4EDEB008BEE2F /* Main.storyboard in Resources */ = {isa = PBXBuildFile; fileRef = 05A2EEB625F4EDEB008BEE2F /* Main.storyboard */; };
		05A2EEBA25F4EDEC008BEE2F /* Assets.xcassets in Resources */ = {isa = PBXBuildFile; fileRef = 05A2EEB925F4EDEC008BEE2F /* Assets.xcassets */; };
		05A2EEBD25F4EDEC008BEE2F /* LaunchScreen.storyboard in Resources */ = {isa = PBXBuildFile; fileRef = 05A2EEBB25F4EDEC008BEE2F /* LaunchScreen.storyboard */; };
		05AAA4CB25FC265A003BD3B2 /* PopularSpacesViewController.swift in Sources */ = {isa = PBXBuildFile; fileRef = 05AAA4CA25FC265A003BD3B2 /* PopularSpacesViewController.swift */; };
		05AAA4CE25FC3480003BD3B2 /* FindSpacesViewController.swift in Sources */ = {isa = PBXBuildFile; fileRef = 05AAA4CD25FC3480003BD3B2 /* FindSpacesViewController.swift */; };
		43406E5578596E0485ED9B9A /* Pods_Spaound.framework in Frameworks */ = {isa = PBXBuildFile; fileRef = 64F4B426554863063888D0F0 /* Pods_Spaound.framework */; };
/* End PBXBuildFile section */

/* Begin PBXFileReference section */
		0512904D25F51F8D00681273 /* StartCell.swift */ = {isa = PBXFileReference; lastKnownFileType = sourcecode.swift; path = StartCell.swift; sourceTree = "<group>"; };
		0512905625F5510400681273 /* HomeViewController.swift */ = {isa = PBXFileReference; lastKnownFileType = sourcecode.swift; path = HomeViewController.swift; sourceTree = "<group>"; };
		0536358A25FA655F00DBF135 /* GoogleService-Info.plist */ = {isa = PBXFileReference; fileEncoding = 4; lastKnownFileType = text.plist.xml; path = "GoogleService-Info.plist"; sourceTree = "<group>"; };
		0536358E25FA776200DBF135 /* UITableView+Extinsion.swift */ = {isa = PBXFileReference; lastKnownFileType = sourcecode.swift; path = "UITableView+Extinsion.swift"; sourceTree = "<group>"; };
		0536359125FA785400DBF135 /* UICollectionView+Extinsion.swift */ = {isa = PBXFileReference; lastKnownFileType = sourcecode.swift; path = "UICollectionView+Extinsion.swift"; sourceTree = "<group>"; };
		0536359625FA9DC400DBF135 /* RecomndedSpacesCollectionViewCell.swift */ = {isa = PBXFileReference; lastKnownFileType = sourcecode.swift; path = RecomndedSpacesCollectionViewCell.swift; sourceTree = "<group>"; };
		0536359725FA9DC400DBF135 /* RecomndedSpacesCollectionViewCell.xib */ = {isa = PBXFileReference; lastKnownFileType = file.xib; path = RecomndedSpacesCollectionViewCell.xib; sourceTree = "<group>"; };
		0536359C25FAA6DB00DBF135 /* HomeAppViewController.swift */ = {isa = PBXFileReference; lastKnownFileType = sourcecode.swift; path = HomeAppViewController.swift; sourceTree = "<group>"; };
		053635B125FB808B00DBF135 /* PopularSpacesTableViewCell.swift */ = {isa = PBXFileReference; lastKnownFileType = sourcecode.swift; path = PopularSpacesTableViewCell.swift; sourceTree = "<group>"; };
		053635B225FB808B00DBF135 /* PopularSpacesTableViewCell.xib */ = {isa = PBXFileReference; lastKnownFileType = file.xib; path = PopularSpacesTableViewCell.xib; sourceTree = "<group>"; };
		053635C925FBA68900DBF135 /* Space.swift */ = {isa = PBXFileReference; lastKnownFileType = sourcecode.swift; path = Space.swift; sourceTree = "<group>"; };
		053635CC25FBAD4600DBF135 /* ProfilePageViewController.swift */ = {isa = PBXFileReference; lastKnownFileType = sourcecode.swift; path = ProfilePageViewController.swift; sourceTree = "<group>"; };
		057597EB25F57DDF0029E2B3 /* LoginFormViewController.swift */ = {isa = PBXFileReference; lastKnownFileType = sourcecode.swift; path = LoginFormViewController.swift; sourceTree = "<group>"; };
		057597EE25F580ED0029E2B3 /* RegisterFormViewController.swift */ = {isa = PBXFileReference; lastKnownFileType = sourcecode.swift; path = RegisterFormViewController.swift; sourceTree = "<group>"; };
		057597F125F583390029E2B3 /* VerifyPhoneViewController.swift */ = {isa = PBXFileReference; lastKnownFileType = sourcecode.swift; path = VerifyPhoneViewController.swift; sourceTree = "<group>"; };
		057597F425F5846C0029E2B3 /* RestorePasswordViewController.swift */ = {isa = PBXFileReference; lastKnownFileType = sourcecode.swift; path = RestorePasswordViewController.swift; sourceTree = "<group>"; };
		05A2EEAD25F4EDEB008BEE2F /* Spaound.app */ = {isa = PBXFileReference; explicitFileType = wrapper.application; includeInIndex = 0; path = Spaound.app; sourceTree = BUILT_PRODUCTS_DIR; };
		05A2EEB025F4EDEB008BEE2F /* AppDelegate.swift */ = {isa = PBXFileReference; lastKnownFileType = sourcecode.swift; path = AppDelegate.swift; sourceTree = "<group>"; };
		05A2EEB225F4EDEB008BEE2F /* SceneDelegate.swift */ = {isa = PBXFileReference; lastKnownFileType = sourcecode.swift; path = SceneDelegate.swift; sourceTree = "<group>"; };
		05A2EEB425F4EDEB008BEE2F /* OnBoardingViewController.swift */ = {isa = PBXFileReference; lastKnownFileType = sourcecode.swift; path = OnBoardingViewController.swift; sourceTree = "<group>"; };
		05A2EEB725F4EDEB008BEE2F /* Base */ = {isa = PBXFileReference; lastKnownFileType = file.storyboard; name = Base; path = Base.lproj/Main.storyboard; sourceTree = "<group>"; };
		05A2EEB925F4EDEC008BEE2F /* Assets.xcassets */ = {isa = PBXFileReference; lastKnownFileType = folder.assetcatalog; path = Assets.xcassets; sourceTree = "<group>"; };
		05A2EEBC25F4EDEC008BEE2F /* Base */ = {isa = PBXFileReference; lastKnownFileType = file.storyboard; name = Base; path = Base.lproj/LaunchScreen.storyboard; sourceTree = "<group>"; };
		05A2EEBE25F4EDEC008BEE2F /* Info.plist */ = {isa = PBXFileReference; lastKnownFileType = text.plist.xml; path = Info.plist; sourceTree = "<group>"; };
		05AAA4CA25FC265A003BD3B2 /* PopularSpacesViewController.swift */ = {isa = PBXFileReference; lastKnownFileType = sourcecode.swift; path = PopularSpacesViewController.swift; sourceTree = "<group>"; };
		05AAA4CD25FC3480003BD3B2 /* FindSpacesViewController.swift */ = {isa = PBXFileReference; lastKnownFileType = sourcecode.swift; path = FindSpacesViewController.swift; sourceTree = "<group>"; };
		64F4B426554863063888D0F0 /* Pods_Spaound.framework */ = {isa = PBXFileReference; explicitFileType = wrapper.framework; includeInIndex = 0; path = Pods_Spaound.framework; sourceTree = BUILT_PRODUCTS_DIR; };
		67E4001B308BA7A92029C696 /* Pods-Spaound.release.xcconfig */ = {isa = PBXFileReference; includeInIndex = 1; lastKnownFileType = text.xcconfig; name = "Pods-Spaound.release.xcconfig"; path = "Target Support Files/Pods-Spaound/Pods-Spaound.release.xcconfig"; sourceTree = "<group>"; };
		98FAE444667B524E249FD057 /* Pods-Spaound.debug.xcconfig */ = {isa = PBXFileReference; includeInIndex = 1; lastKnownFileType = text.xcconfig; name = "Pods-Spaound.debug.xcconfig"; path = "Target Support Files/Pods-Spaound/Pods-Spaound.debug.xcconfig"; sourceTree = "<group>"; };
/* End PBXFileReference section */

/* Begin PBXFrameworksBuildPhase section */
		05A2EEAA25F4EDEB008BEE2F /* Frameworks */ = {
			isa = PBXFrameworksBuildPhase;
			buildActionMask = 2147483647;
			files = (
				43406E5578596E0485ED9B9A /* Pods_Spaound.framework in Frameworks */,
			);
			runOnlyForDeploymentPostprocessing = 0;
		};
/* End PBXFrameworksBuildPhase section */

/* Begin PBXGroup section */
		0536359B25FAA68B00DBF135 /* HomeVCs */ = {
			isa = PBXGroup;
			children = (
				0536359C25FAA6DB00DBF135 /* HomeAppViewController.swift */,
				053635CC25FBAD4600DBF135 /* ProfilePageViewController.swift */,
				05AAA4CA25FC265A003BD3B2 /* PopularSpacesViewController.swift */,
				05AAA4CD25FC3480003BD3B2 /* FindSpacesViewController.swift */,
			);
			path = HomeVCs;
			sourceTree = "<group>";
		};
		057F57C725F63D3200A5099F /* AuthenticationVCs */ = {
			isa = PBXGroup;
			children = (
				0512905625F5510400681273 /* HomeViewController.swift */,
				057597EB25F57DDF0029E2B3 /* LoginFormViewController.swift */,
				057597EE25F580ED0029E2B3 /* RegisterFormViewController.swift */,
				057597F125F583390029E2B3 /* VerifyPhoneViewController.swift */,
				057597F425F5846C0029E2B3 /* RestorePasswordViewController.swift */,
			);
			path = AuthenticationVCs;
			sourceTree = "<group>";
		};
		057F57C825F63D5900A5099F /* Models */ = {
			isa = PBXGroup;
			children = (
				0512904D25F51F8D00681273 /* StartCell.swift */,
				053635C925FBA68900DBF135 /* Space.swift */,
			);
			path = Models;
			sourceTree = "<group>";
		};
		057F57C925F63D8000A5099F /* StryBoards */ = {
			isa = PBXGroup;
			children = (
				05A2EEB625F4EDEB008BEE2F /* Main.storyboard */,
				05A2EEBB25F4EDEC008BEE2F /* LaunchScreen.storyboard */,
			);
			path = StryBoards;
			sourceTree = "<group>";
		};
		057F57CA25F63D9500A5099F /* info */ = {
			isa = PBXGroup;
			children = (
				05A2EEB225F4EDEB008BEE2F /* SceneDelegate.swift */,
				05A2EEB025F4EDEB008BEE2F /* AppDelegate.swift */,
			);
			path = info;
			sourceTree = "<group>";
		};
		057F57CB25F63DAC00A5099F /* Resources */ = {
			isa = PBXGroup;
			children = (
				05A2EEB925F4EDEC008BEE2F /* Assets.xcassets */,
			);
			path = Resources;
			sourceTree = "<group>";
		};
		057F57CC25F63E0C00A5099F /* OnboardingVCs */ = {
			isa = PBXGroup;
			children = (
				05A2EEB425F4EDEB008BEE2F /* OnBoardingViewController.swift */,
			);
			path = OnboardingVCs;
			sourceTree = "<group>";
		};
		05A2EEA425F4EDEB008BEE2F = {
			isa = PBXGroup;
			children = (
				05A2EEAF25F4EDEB008BEE2F /* Spaound */,
				05A2EEAE25F4EDEB008BEE2F /* Products */,
				11ACF3163B52D7F45AD5C9A1 /* Pods */,
				5AC9AEE071BA244D92789187 /* Frameworks */,
			);
			sourceTree = "<group>";
		};
		05A2EEAE25F4EDEB008BEE2F /* Products */ = {
			isa = PBXGroup;
			children = (
				05A2EEAD25F4EDEB008BEE2F /* Spaound.app */,
			);
			name = Products;
			sourceTree = "<group>";
		};
		05A2EEAF25F4EDEB008BEE2F /* Spaound */ = {
			isa = PBXGroup;
			children = (
				05A2EEBE25F4EDEC008BEE2F /* Info.plist */,
				0536358A25FA655F00DBF135 /* GoogleService-Info.plist */,
				057F57CC25F63E0C00A5099F /* OnboardingVCs */,
				057F57C725F63D3200A5099F /* AuthenticationVCs */,
				0536359B25FAA68B00DBF135 /* HomeVCs */,
				057F57CB25F63DAC00A5099F /* Resources */,
				057F57CA25F63D9500A5099F /* info */,
				057F57C925F63D8000A5099F /* StryBoards */,
				057F57C825F63D5900A5099F /* Models */,
				0536358E25FA776200DBF135 /* UITableView+Extinsion.swift */,
				0536359125FA785400DBF135 /* UICollectionView+Extinsion.swift */,
				0536359625FA9DC400DBF135 /* RecomndedSpacesCollectionViewCell.swift */,
				0536359725FA9DC400DBF135 /* RecomndedSpacesCollectionViewCell.xib */,
				053635B125FB808B00DBF135 /* PopularSpacesTableViewCell.swift */,
				053635B225FB808B00DBF135 /* PopularSpacesTableViewCell.xib */,
			);
			path = Spaound;
			sourceTree = "<group>";
		};
		11ACF3163B52D7F45AD5C9A1 /* Pods */ = {
			isa = PBXGroup;
			children = (
				98FAE444667B524E249FD057 /* Pods-Spaound.debug.xcconfig */,
				67E4001B308BA7A92029C696 /* Pods-Spaound.release.xcconfig */,
			);
			path = Pods;
			sourceTree = "<group>";
		};
		5AC9AEE071BA244D92789187 /* Frameworks */ = {
			isa = PBXGroup;
			children = (
				64F4B426554863063888D0F0 /* Pods_Spaound.framework */,
			);
			name = Frameworks;
			sourceTree = "<group>";
		};
/* End PBXGroup section */

/* Begin PBXNativeTarget section */
		05A2EEAC25F4EDEB008BEE2F /* Spaound */ = {
			isa = PBXNativeTarget;
			buildConfigurationList = 05A2EEC125F4EDEC008BEE2F /* Build configuration list for PBXNativeTarget "Spaound" */;
			buildPhases = (
				D0CA8A5151E34016E4CB6A8B /* [CP] Check Pods Manifest.lock */,
				05A2EEA925F4EDEB008BEE2F /* Sources */,
				05A2EEAA25F4EDEB008BEE2F /* Frameworks */,
				05A2EEAB25F4EDEB008BEE2F /* Resources */,
				86B153924D67A063D2A3A99F /* [CP] Embed Pods Frameworks */,
			);
			buildRules = (
			);
			dependencies = (
			);
			name = Spaound;
			productName = Spaound;
			productReference = 05A2EEAD25F4EDEB008BEE2F /* Spaound.app */;
			productType = "com.apple.product-type.application";
		};
/* End PBXNativeTarget section */

/* Begin PBXProject section */
		05A2EEA525F4EDEB008BEE2F /* Project object */ = {
			isa = PBXProject;
			attributes = {
				LastSwiftUpdateCheck = 1220;
				LastUpgradeCheck = 1220;
				TargetAttributes = {
					05A2EEAC25F4EDEB008BEE2F = {
						CreatedOnToolsVersion = 12.2;
					};
				};
			};
			buildConfigurationList = 05A2EEA825F4EDEB008BEE2F /* Build configuration list for PBXProject "Spaound" */;
			compatibilityVersion = "Xcode 9.3";
			developmentRegion = en;
			hasScannedForEncodings = 0;
			knownRegions = (
				en,
				Base,
			);
			mainGroup = 05A2EEA425F4EDEB008BEE2F;
			productRefGroup = 05A2EEAE25F4EDEB008BEE2F /* Products */;
			projectDirPath = "";
			projectRoot = "";
			targets = (
				05A2EEAC25F4EDEB008BEE2F /* Spaound */,
			);
		};
/* End PBXProject section */

/* Begin PBXResourcesBuildPhase section */
		05A2EEAB25F4EDEB008BEE2F /* Resources */ = {
			isa = PBXResourcesBuildPhase;
			buildActionMask = 2147483647;
			files = (
				05A2EEBD25F4EDEC008BEE2F /* LaunchScreen.storyboard in Resources */,
				05A2EEBA25F4EDEC008BEE2F /* Assets.xcassets in Resources */,
				053635B425FB808B00DBF135 /* PopularSpacesTableViewCell.xib in Resources */,
				05A2EEB825F4EDEB008BEE2F /* Main.storyboard in Resources */,
				0536358B25FA655F00DBF135 /* GoogleService-Info.plist in Resources */,
				0536359925FA9DC400DBF135 /* RecomndedSpacesCollectionViewCell.xib in Resources */,
			);
			runOnlyForDeploymentPostprocessing = 0;
		};
/* End PBXResourcesBuildPhase section */

/* Begin PBXShellScriptBuildPhase section */
		86B153924D67A063D2A3A99F /* [CP] Embed Pods Frameworks */ = {
			isa = PBXShellScriptBuildPhase;
			buildActionMask = 2147483647;
			files = (
			);
			inputFileListPaths = (
				"${PODS_ROOT}/Target Support Files/Pods-Spaound/Pods-Spaound-frameworks-${CONFIGURATION}-input-files.xcfilelist",
			);
			name = "[CP] Embed Pods Frameworks";
			outputFileListPaths = (
				"${PODS_ROOT}/Target Support Files/Pods-Spaound/Pods-Spaound-frameworks-${CONFIGURATION}-output-files.xcfilelist",
			);
			runOnlyForDeploymentPostprocessing = 0;
			shellPath = /bin/sh;
			shellScript = "\"${PODS_ROOT}/Target Support Files/Pods-Spaound/Pods-Spaound-frameworks.sh\"\n";
			showEnvVarsInLog = 0;
		};
		D0CA8A5151E34016E4CB6A8B /* [CP] Check Pods Manifest.lock */ = {
			isa = PBXShellScriptBuildPhase;
			buildActionMask = 2147483647;
			files = (
			);
			inputFileListPaths = (
			);
			inputPaths = (
				"${PODS_PODFILE_DIR_PATH}/Podfile.lock",
				"${PODS_ROOT}/Manifest.lock",
			);
			name = "[CP] Check Pods Manifest.lock";
			outputFileListPaths = (
			);
			outputPaths = (
				"$(DERIVED_FILE_DIR)/Pods-Spaound-checkManifestLockResult.txt",
			);
			runOnlyForDeploymentPostprocessing = 0;
			shellPath = /bin/sh;
			shellScript = "diff \"${PODS_PODFILE_DIR_PATH}/Podfile.lock\" \"${PODS_ROOT}/Manifest.lock\" > /dev/null\nif [ $? != 0 ] ; then\n    # print error to STDERR\n    echo \"error: The sandbox is not in sync with the Podfile.lock. Run 'pod install' or update your CocoaPods installation.\" >&2\n    exit 1\nfi\n# This output is used by Xcode 'outputs' to avoid re-running this script phase.\necho \"SUCCESS\" > \"${SCRIPT_OUTPUT_FILE_0}\"\n";
			showEnvVarsInLog = 0;
		};
/* End PBXShellScriptBuildPhase section */

/* Begin PBXSourcesBuildPhase section */
		05A2EEA925F4EDEB008BEE2F /* Sources */ = {
			isa = PBXSourcesBuildPhase;
			buildActionMask = 2147483647;
			files = (
				057597F225F583390029E2B3 /* VerifyPhoneViewController.swift in Sources */,
				0536359825FA9DC400DBF135 /* RecomndedSpacesCollectionViewCell.swift in Sources */,
				057597F525F5846C0029E2B3 /* RestorePasswordViewController.swift in Sources */,
				057597EC25F57DDF0029E2B3 /* LoginFormViewController.swift in Sources */,
				057597EF25F580ED0029E2B3 /* RegisterFormViewController.swift in Sources */,
				053635CA25FBA68900DBF135 /* Space.swift in Sources */,
				0536359225FA785400DBF135 /* UICollectionView+Extinsion.swift in Sources */,
				053635CD25FBAD4600DBF135 /* ProfilePageViewController.swift in Sources */,
				0512905725F5510400681273 /* HomeViewController.swift in Sources */,
				0512904E25F51F8D00681273 /* StartCell.swift in Sources */,
				05AAA4CE25FC3480003BD3B2 /* FindSpacesViewController.swift in Sources */,
				05AAA4CB25FC265A003BD3B2 /* PopularSpacesViewController.swift in Sources */,
				05A2EEB525F4EDEB008BEE2F /* OnBoardingViewController.swift in Sources */,
				05A2EEB125F4EDEB008BEE2F /* AppDelegate.swift in Sources */,
				05A2EEB325F4EDEB008BEE2F /* SceneDelegate.swift in Sources */,
				0536358F25FA776200DBF135 /* UITableView+Extinsion.swift in Sources */,
				053635B325FB808B00DBF135 /* PopularSpacesTableViewCell.swift in Sources */,
				0536359D25FAA6DB00DBF135 /* HomeAppViewController.swift in Sources */,
			);
			runOnlyForDeploymentPostprocessing = 0;
		};
/* End PBXSourcesBuildPhase section */

/* Begin PBXVariantGroup section */
		05A2EEB625F4EDEB008BEE2F /* Main.storyboard */ = {
			isa = PBXVariantGroup;
			children = (
				05A2EEB725F4EDEB008BEE2F /* Base */,
			);
			name = Main.storyboard;
			sourceTree = "<group>";
		};
		05A2EEBB25F4EDEC008BEE2F /* LaunchScreen.storyboard */ = {
			isa = PBXVariantGroup;
			children = (
				05A2EEBC25F4EDEC008BEE2F /* Base */,
			);
			name = LaunchScreen.storyboard;
			sourceTree = "<group>";
		};
/* End PBXVariantGroup section */

/* Begin XCBuildConfiguration section */
		05A2EEBF25F4EDEC008BEE2F /* Debug */ = {
			isa = XCBuildConfiguration;
			buildSettings = {
				ALWAYS_SEARCH_USER_PATHS = NO;
				CLANG_ANALYZER_NONNULL = YES;
				CLANG_ANALYZER_NUMBER_OBJECT_CONVERSION = YES_AGGRESSIVE;
				CLANG_CXX_LANGUAGE_STANDARD = "gnu++14";
				CLANG_CXX_LIBRARY = "libc++";
				CLANG_ENABLE_MODULES = YES;
				CLANG_ENABLE_OBJC_ARC = YES;
				CLANG_ENABLE_OBJC_WEAK = YES;
				CLANG_WARN_BLOCK_CAPTURE_AUTORELEASING = YES;
				CLANG_WARN_BOOL_CONVERSION = YES;
				CLANG_WARN_COMMA = YES;
				CLANG_WARN_CONSTANT_CONVERSION = YES;
				CLANG_WARN_DEPRECATED_OBJC_IMPLEMENTATIONS = YES;
				CLANG_WARN_DIRECT_OBJC_ISA_USAGE = YES_ERROR;
				CLANG_WARN_DOCUMENTATION_COMMENTS = YES;
				CLANG_WARN_EMPTY_BODY = YES;
				CLANG_WARN_ENUM_CONVERSION = YES;
				CLANG_WARN_INFINITE_RECURSION = YES;
				CLANG_WARN_INT_CONVERSION = YES;
				CLANG_WARN_NON_LITERAL_NULL_CONVERSION = YES;
				CLANG_WARN_OBJC_IMPLICIT_RETAIN_SELF = YES;
				CLANG_WARN_OBJC_LITERAL_CONVERSION = YES;
				CLANG_WARN_OBJC_ROOT_CLASS = YES_ERROR;
				CLANG_WARN_QUOTED_INCLUDE_IN_FRAMEWORK_HEADER = YES;
				CLANG_WARN_RANGE_LOOP_ANALYSIS = YES;
				CLANG_WARN_STRICT_PROTOTYPES = YES;
				CLANG_WARN_SUSPICIOUS_MOVE = YES;
				CLANG_WARN_UNGUARDED_AVAILABILITY = YES_AGGRESSIVE;
				CLANG_WARN_UNREACHABLE_CODE = YES;
				CLANG_WARN__DUPLICATE_METHOD_MATCH = YES;
				COPY_PHASE_STRIP = NO;
				DEBUG_INFORMATION_FORMAT = dwarf;
				ENABLE_STRICT_OBJC_MSGSEND = YES;
				ENABLE_TESTABILITY = YES;
				GCC_C_LANGUAGE_STANDARD = gnu11;
				GCC_DYNAMIC_NO_PIC = NO;
				GCC_NO_COMMON_BLOCKS = YES;
				GCC_OPTIMIZATION_LEVEL = 0;
				GCC_PREPROCESSOR_DEFINITIONS = (
					"DEBUG=1",
					"$(inherited)",
				);
				GCC_WARN_64_TO_32_BIT_CONVERSION = YES;
				GCC_WARN_ABOUT_RETURN_TYPE = YES_ERROR;
				GCC_WARN_UNDECLARED_SELECTOR = YES;
				GCC_WARN_UNINITIALIZED_AUTOS = YES_AGGRESSIVE;
				GCC_WARN_UNUSED_FUNCTION = YES;
				GCC_WARN_UNUSED_VARIABLE = YES;
				IPHONEOS_DEPLOYMENT_TARGET = 14.2;
				MTL_ENABLE_DEBUG_INFO = INCLUDE_SOURCE;
				MTL_FAST_MATH = YES;
				ONLY_ACTIVE_ARCH = YES;
				SDKROOT = iphoneos;
				SWIFT_ACTIVE_COMPILATION_CONDITIONS = DEBUG;
				SWIFT_OPTIMIZATION_LEVEL = "-Onone";
			};
			name = Debug;
		};
		05A2EEC025F4EDEC008BEE2F /* Release */ = {
			isa = XCBuildConfiguration;
			buildSettings = {
				ALWAYS_SEARCH_USER_PATHS = NO;
				CLANG_ANALYZER_NONNULL = YES;
				CLANG_ANALYZER_NUMBER_OBJECT_CONVERSION = YES_AGGRESSIVE;
				CLANG_CXX_LANGUAGE_STANDARD = "gnu++14";
				CLANG_CXX_LIBRARY = "libc++";
				CLANG_ENABLE_MODULES = YES;
				CLANG_ENABLE_OBJC_ARC = YES;
				CLANG_ENABLE_OBJC_WEAK = YES;
				CLANG_WARN_BLOCK_CAPTURE_AUTORELEASING = YES;
				CLANG_WARN_BOOL_CONVERSION = YES;
				CLANG_WARN_COMMA = YES;
				CLANG_WARN_CONSTANT_CONVERSION = YES;
				CLANG_WARN_DEPRECATED_OBJC_IMPLEMENTATIONS = YES;
				CLANG_WARN_DIRECT_OBJC_ISA_USAGE = YES_ERROR;
				CLANG_WARN_DOCUMENTATION_COMMENTS = YES;
				CLANG_WARN_EMPTY_BODY = YES;
				CLANG_WARN_ENUM_CONVERSION = YES;
				CLANG_WARN_INFINITE_RECURSION = YES;
				CLANG_WARN_INT_CONVERSION = YES;
				CLANG_WARN_NON_LITERAL_NULL_CONVERSION = YES;
				CLANG_WARN_OBJC_IMPLICIT_RETAIN_SELF = YES;
				CLANG_WARN_OBJC_LITERAL_CONVERSION = YES;
				CLANG_WARN_OBJC_ROOT_CLASS = YES_ERROR;
				CLANG_WARN_QUOTED_INCLUDE_IN_FRAMEWORK_HEADER = YES;
				CLANG_WARN_RANGE_LOOP_ANALYSIS = YES;
				CLANG_WARN_STRICT_PROTOTYPES = YES;
				CLANG_WARN_SUSPICIOUS_MOVE = YES;
				CLANG_WARN_UNGUARDED_AVAILABILITY = YES_AGGRESSIVE;
				CLANG_WARN_UNREACHABLE_CODE = YES;
				CLANG_WARN__DUPLICATE_METHOD_MATCH = YES;
				COPY_PHASE_STRIP = NO;
				DEBUG_INFORMATION_FORMAT = "dwarf-with-dsym";
				ENABLE_NS_ASSERTIONS = NO;
				ENABLE_STRICT_OBJC_MSGSEND = YES;
				GCC_C_LANGUAGE_STANDARD = gnu11;
				GCC_NO_COMMON_BLOCKS = YES;
				GCC_WARN_64_TO_32_BIT_CONVERSION = YES;
				GCC_WARN_ABOUT_RETURN_TYPE = YES_ERROR;
				GCC_WARN_UNDECLARED_SELECTOR = YES;
				GCC_WARN_UNINITIALIZED_AUTOS = YES_AGGRESSIVE;
				GCC_WARN_UNUSED_FUNCTION = YES;
				GCC_WARN_UNUSED_VARIABLE = YES;
				IPHONEOS_DEPLOYMENT_TARGET = 14.2;
				MTL_ENABLE_DEBUG_INFO = NO;
				MTL_FAST_MATH = YES;
				SDKROOT = iphoneos;
				SWIFT_COMPILATION_MODE = wholemodule;
				SWIFT_OPTIMIZATION_LEVEL = "-O";
				VALIDATE_PRODUCT = YES;
			};
			name = Release;
		};
		05A2EEC225F4EDEC008BEE2F /* Debug */ = {
			isa = XCBuildConfiguration;
			baseConfigurationReference = 98FAE444667B524E249FD057 /* Pods-Spaound.debug.xcconfig */;
			buildSettings = {
				ASSETCATALOG_COMPILER_APPICON_NAME = AppIcon;
				ASSETCATALOG_COMPILER_GLOBAL_ACCENT_COLOR_NAME = AccentColor;
				CODE_SIGN_STYLE = Automatic;
				INFOPLIST_FILE = Spaound/Info.plist;
				LD_RUNPATH_SEARCH_PATHS = (
					"$(inherited)",
					"@executable_path/Frameworks",
				);
				PRODUCT_BUNDLE_IDENTIFIER = mosaber7.Spaound;
				PRODUCT_NAME = "$(TARGET_NAME)";
				SWIFT_VERSION = 5.0;
				TARGETED_DEVICE_FAMILY = 1;
			};
			name = Debug;
		};
		05A2EEC325F4EDEC008BEE2F /* Release */ = {
			isa = XCBuildConfiguration;
			baseConfigurationReference = 67E4001B308BA7A92029C696 /* Pods-Spaound.release.xcconfig */;
			buildSettings = {
				ASSETCATALOG_COMPILER_APPICON_NAME = AppIcon;
				ASSETCATALOG_COMPILER_GLOBAL_ACCENT_COLOR_NAME = AccentColor;
				CODE_SIGN_STYLE = Automatic;
				INFOPLIST_FILE = Spaound/Info.plist;
				LD_RUNPATH_SEARCH_PATHS = (
					"$(inherited)",
					"@executable_path/Frameworks",
				);
				PRODUCT_BUNDLE_IDENTIFIER = mosaber7.Spaound;
				PRODUCT_NAME = "$(TARGET_NAME)";
				SWIFT_VERSION = 5.0;
				TARGETED_DEVICE_FAMILY = 1;
			};
			name = Release;
		};
/* End XCBuildConfiguration section */

/* Begin XCConfigurationList section */
		05A2EEA825F4EDEB008BEE2F /* Build configuration list for PBXProject "Spaound" */ = {
			isa = XCConfigurationList;
			buildConfigurations = (
				05A2EEBF25F4EDEC008BEE2F /* Debug */,
				05A2EEC025F4EDEC008BEE2F /* Release */,
			);
			defaultConfigurationIsVisible = 0;
			defaultConfigurationName = Release;
		};
		05A2EEC125F4EDEC008BEE2F /* Build configuration list for PBXNativeTarget "Spaound" */ = {
			isa = XCConfigurationList;
			buildConfigurations = (
				05A2EEC225F4EDEC008BEE2F /* Debug */,
				05A2EEC325F4EDEC008BEE2F /* Release */,
			);
			defaultConfigurationIsVisible = 0;
			defaultConfigurationName = Release;
		};
/* End XCConfigurationList section */
	};
	rootObject = 05A2EEA525F4EDEB008BEE2F /* Project object */;
}
